
Microsoft Visual Studio Solution File, Format Version 12.00
# Visual Studio Version 17
VisualStudioVersion = 17.4.33205.214
MinimumVisualStudioVersion = 10.0.40219.1
Project("{FAE04EC0-301F-11D3-BF4B-00C04F79EFBC}") = "ecommercesite", "ecommercesite\ecommercesite.csproj", "{10B590BA-581E-4E50-9B96-42E78AB34D19}"
EndProject
Global
	GlobalSection(SolutionConfigurationPlatforms) = preSolution
		Debug|Any CPU = Debug|Any CPU
		Release|Any CPU = Release|Any CPU
	EndGlobalSection
	GlobalSection(ProjectConfigurationPlatforms) = postSolution
		{10B590BA-581E-4E50-9B96-42E78AB34D19}.Debug|Any CPU.ActiveCfg = Debug|Any CPU
		{10B590BA-581E-4E50-9B96-42E78AB34D19}.Debug|Any CPU.Build.0 = Debug|Any CPU
		{10B590BA-581E-4E50-9B96-42E78AB34D19}.Release|Any CPU.ActiveCfg = Release|Any CPU
		{10B590BA-581E-4E50-9B96-42E78AB34D19}.Release|Any CPU.Build.0 = Release|Any CPU
	EndGlobalSection
	GlobalSection(SolutionProperties) = preSolution
		HideSolutionNode = FALSE
	EndGlobalSection
	GlobalSection(ExtensibilityGlobals) = postSolution
		SolutionGuid = {35E8FAFF-9A10-4B96-8869-00FE09EA569B}
	EndGlobalSection
EndGlobal
